
Microsoft Visual Studio Solution File, Format Version 12.00
# Visual Studio 15
VisualStudioVersion = 15.0.28307.168
MinimumVisualStudioVersion = 10.0.40219.1
Project("{FAE04EC0-301F-11D3-BF4B-00C04F79EFBC}") = "UsersAndOrgs", "UsersAndOrgs\UsersAndOrgs.csproj", "{1736B65F-424A-4D1F-A654-C2A26BF04C70}"
EndProject
Global
	GlobalSection(SolutionConfigurationPlatforms) = preSolution
		Debug|Any CPU = Debug|Any CPU
		Release|Any CPU = Release|Any CPU
	EndGlobalSection
	GlobalSection(ProjectConfigurationPlatforms) = postSolution
		{1736B65F-424A-4D1F-A654-C2A26BF04C70}.Debug|Any CPU.ActiveCfg = Debug|Any CPU
		{1736B65F-424A-4D1F-A654-C2A26BF04C70}.Debug|Any CPU.Build.0 = Debug|Any CPU
		{1736B65F-424A-4D1F-A654-C2A26BF04C70}.Release|Any CPU.ActiveCfg = Release|Any CPU
		{1736B65F-424A-4D1F-A654-C2A26BF04C70}.Release|Any CPU.Build.0 = Release|Any CPU
	EndGlobalSection
	GlobalSection(SolutionProperties) = preSolution
		HideSolutionNode = FALSE
	EndGlobalSection
	GlobalSection(ExtensibilityGlobals) = postSolution
		SolutionGuid = {487E6011-3068-434E-AE7F-17D4B58297AE}
	EndGlobalSection
EndGlobal
